// !$*UTF8*$!
{
	archiveVersion = 1;
	classes = {
	};
	objectVersion = 56;
	objects = {

/* Begin PBXBuildFile section */
		F8816728293935B5002535EC /* Subprocess in Frameworks */ = {isa = PBXBuildFile; productRef = F8816727293935B5002535EC /* Subprocess */; };
		F881672A293935B5002535EC /* SubprocessMocks in Frameworks */ = {isa = PBXBuildFile; productRef = F8816729293935B5002535EC /* SubprocessMocks */; };
		F881672C293935B5002535EC /* libSubprocess in Frameworks */ = {isa = PBXBuildFile; productRef = F881672B293935B5002535EC /* libSubprocess */; };
		F881672E293935B5002535EC /* libSubprocessMocks in Frameworks */ = {isa = PBXBuildFile; productRef = F881672D293935B5002535EC /* libSubprocessMocks */; };
		F88C9B052939326500239E2C /* main.swift in Sources */ = {isa = PBXBuildFile; fileRef = F88C9B042939326500239E2C /* main.swift */; };
		F88C9B0D293932C200239E2C /* a.swift in Sources */ = {isa = PBXBuildFile; fileRef = F88C9B0C293932C200239E2C /* a.swift */; };
/* End PBXBuildFile section */

/* Begin PBXCopyFilesBuildPhase section */
		F88C9AFF2939326500239E2C /* CopyFiles */ = {
			isa = PBXCopyFilesBuildPhase;
			buildActionMask = 2147483647;
			dstPath = /usr/share/man/man1/;
			dstSubfolderSpec = 0;
			files = (
			);
			runOnlyForDeploymentPostprocessing = 1;
		};
/* End PBXCopyFilesBuildPhase section */

/* Begin PBXFileReference section */
		F88C9B012939326500239E2C /* Advent of Code 2022 */ = {isa = PBXFileReference; explicitFileType = "compiled.mach-o.executable"; includeInIndex = 0; path = "Advent of Code 2022"; sourceTree = BUILT_PRODUCTS_DIR; };
		F88C9B042939326500239E2C /* main.swift */ = {isa = PBXFileReference; lastKnownFileType = sourcecode.swift; path = main.swift; sourceTree = "<group>"; };
		F88C9B0C293932C200239E2C /* a.swift */ = {isa = PBXFileReference; lastKnownFileType = sourcecode.swift; path = a.swift; sourceTree = "<group>"; };
/* End PBXFileReference section */

/* Begin PBXFrameworksBuildPhase section */
		F88C9AFE2939326500239E2C /* Frameworks */ = {
			isa = PBXFrameworksBuildPhase;
			buildActionMask = 2147483647;
			files = (
				F8816728293935B5002535EC /* Subprocess in Frameworks */,
				F881672A293935B5002535EC /* SubprocessMocks in Frameworks */,
				F881672C293935B5002535EC /* libSubprocess in Frameworks */,
				F881672E293935B5002535EC /* libSubprocessMocks in Frameworks */,
			);
			runOnlyForDeploymentPostprocessing = 0;
		};
/* End PBXFrameworksBuildPhase section */

/* Begin PBXGroup section */
		F88C9AF82939326500239E2C = {
			isa = PBXGroup;
			children = (
				F88C9B032939326500239E2C /* Advent of Code 2022 */,
				F88C9B022939326500239E2C /* Products */,
			);
			sourceTree = "<group>";
		};
		F88C9B022939326500239E2C /* Products */ = {
			isa = PBXGroup;
			children = (
				F88C9B012939326500239E2C /* Advent of Code 2022 */,
			);
			name = Products;
			sourceTree = "<group>";
		};
		F88C9B032939326500239E2C /* Advent of Code 2022 */ = {
			isa = PBXGroup;
			children = (
				F88C9B0B293932A600239E2C /* day1 */,
				F88C9B042939326500239E2C /* main.swift */,
			);
			path = "Advent of Code 2022";
			sourceTree = "<group>";
		};
		F88C9B0B293932A600239E2C /* day1 */ = {
			isa = PBXGroup;
			children = (
				F88C9B0C293932C200239E2C /* a.swift */,
			);
			path = day1;
			sourceTree = "<group>";
		};
/* End PBXGroup section */

/* Begin PBXNativeTarget section */
		F88C9B002939326500239E2C /* Advent of Code 2022 */ = {
			isa = PBXNativeTarget;
			buildConfigurationList = F88C9B082939326500239E2C /* Build configuration list for PBXNativeTarget "Advent of Code 2022" */;
			buildPhases = (
				F88C9AFD2939326500239E2C /* Sources */,
				F88C9AFE2939326500239E2C /* Frameworks */,
				F88C9AFF2939326500239E2C /* CopyFiles */,
			);
			buildRules = (
			);
			dependencies = (
			);
			name = "Advent of Code 2022";
			packageProductDependencies = (
				F8816727293935B5002535EC /* Subprocess */,
				F8816729293935B5002535EC /* SubprocessMocks */,
				F881672B293935B5002535EC /* libSubprocess */,
				F881672D293935B5002535EC /* libSubprocessMocks */,
			);
			productName = "Advent of Code 2022";
			productReference = F88C9B012939326500239E2C /* Advent of Code 2022 */;
			productType = "com.apple.product-type.tool";
		};
/* End PBXNativeTarget section */

/* Begin PBXProject section */
		F88C9AF92939326500239E2C /* Project object */ = {
			isa = PBXProject;
			attributes = {
				BuildIndependentTargetsInParallel = 1;
				LastSwiftUpdateCheck = 1410;
				LastUpgradeCheck = 1410;
				TargetAttributes = {
					F88C9B002939326500239E2C = {
						CreatedOnToolsVersion = 14.1;
					};
				};
			};
			buildConfigurationList = F88C9AFC2939326500239E2C /* Build configuration list for PBXProject "Advent of Code 2022" */;
			compatibilityVersion = "Xcode 14.0";
			developmentRegion = en;
			hasScannedForEncodings = 0;
			knownRegions = (
				en,
				Base,
			);
			mainGroup = F88C9AF82939326500239E2C;
			packageReferences = (
				F8816726293935B5002535EC /* XCRemoteSwiftPackageReference "Subprocess" */,
			);
			productRefGroup = F88C9B022939326500239E2C /* Products */;
			projectDirPath = "";
			projectRoot = "";
			targets = (
				F88C9B002939326500239E2C /* Advent of Code 2022 */,
			);
		};
/* End PBXProject section */

/* Begin PBXSourcesBuildPhase section */
		F88C9AFD2939326500239E2C /* Sources */ = {
			isa = PBXSourcesBuildPhase;
			buildActionMask = 2147483647;
			files = (
				F88C9B052939326500239E2C /* main.swift in Sources */,
				F88C9B0D293932C200239E2C /* a.swift in Sources */,
			);
			runOnlyForDeploymentPostprocessing = 0;
		};
/* End PBXSourcesBuildPhase section */

/* Begin XCBuildConfiguration section */
		F88C9B062939326500239E2C /* Debug */ = {
			isa = XCBuildConfiguration;
			buildSettings = {
				ALWAYS_SEARCH_USER_PATHS = NO;
				CLANG_ANALYZER_NONNULL = YES;
				CLANG_ANALYZER_NUMBER_OBJECT_CONVERSION = YES_AGGRESSIVE;
				CLANG_CXX_LANGUAGE_STANDARD = "gnu++20";
				CLANG_ENABLE_MODULES = YES;
				CLANG_ENABLE_OBJC_ARC = YES;
				CLANG_ENABLE_OBJC_WEAK = YES;
				CLANG_WARN_BLOCK_CAPTURE_AUTORELEASING = YES;
				CLANG_WARN_BOOL_CONVERSION = YES;
				CLANG_WARN_COMMA = YES;
				CLANG_WARN_CONSTANT_CONVERSION = YES;
				CLANG_WARN_DEPRECATED_OBJC_IMPLEMENTATIONS = YES;
				CLANG_WARN_DIRECT_OBJC_ISA_USAGE = YES_ERROR;
				CLANG_WARN_DOCUMENTATION_COMMENTS = YES;
				CLANG_WARN_EMPTY_BODY = YES;
				CLANG_WARN_ENUM_CONVERSION = YES;
				CLANG_WARN_INFINITE_RECURSION = YES;
				CLANG_WARN_INT_CONVERSION = YES;
				CLANG_WARN_NON_LITERAL_NULL_CONVERSION = YES;
				CLANG_WARN_OBJC_IMPLICIT_RETAIN_SELF = YES;
				CLANG_WARN_OBJC_LITERAL_CONVERSION = YES;
				CLANG_WARN_OBJC_ROOT_CLASS = YES_ERROR;
				CLANG_WARN_QUOTED_INCLUDE_IN_FRAMEWORK_HEADER = YES;
				CLANG_WARN_RANGE_LOOP_ANALYSIS = YES;
				CLANG_WARN_STRICT_PROTOTYPES = YES;
				CLANG_WARN_SUSPICIOUS_MOVE = YES;
				CLANG_WARN_UNGUARDED_AVAILABILITY = YES_AGGRESSIVE;
				CLANG_WARN_UNREACHABLE_CODE = YES;
				CLANG_WARN__DUPLICATE_METHOD_MATCH = YES;
				COPY_PHASE_STRIP = NO;
				DEBUG_INFORMATION_FORMAT = dwarf;
				ENABLE_STRICT_OBJC_MSGSEND = YES;
				ENABLE_TESTABILITY = YES;
				GCC_C_LANGUAGE_STANDARD = gnu11;
				GCC_DYNAMIC_NO_PIC = NO;
				GCC_NO_COMMON_BLOCKS = YES;
				GCC_OPTIMIZATION_LEVEL = 0;
				GCC_PREPROCESSOR_DEFINITIONS = (
					"DEBUG=1",
					"$(inherited)",
				);
				GCC_WARN_64_TO_32_BIT_CONVERSION = YES;
				GCC_WARN_ABOUT_RETURN_TYPE = YES_ERROR;
				GCC_WARN_UNDECLARED_SELECTOR = YES;
				GCC_WARN_UNINITIALIZED_AUTOS = YES_AGGRESSIVE;
				GCC_WARN_UNUSED_FUNCTION = YES;
				GCC_WARN_UNUSED_VARIABLE = YES;
				MACOSX_DEPLOYMENT_TARGET = 13.0;
				MTL_ENABLE_DEBUG_INFO = INCLUDE_SOURCE;
				MTL_FAST_MATH = YES;
				ONLY_ACTIVE_ARCH = YES;
				SDKROOT = macosx;
				SWIFT_ACTIVE_COMPILATION_CONDITIONS = DEBUG;
				SWIFT_OPTIMIZATION_LEVEL = "-Onone";
			};
			name = Debug;
		};
		F88C9B072939326500239E2C /* Release */ = {
			isa = XCBuildConfiguration;
			buildSettings = {
				ALWAYS_SEARCH_USER_PATHS = NO;
				CLANG_ANALYZER_NONNULL = YES;
				CLANG_ANALYZER_NUMBER_OBJECT_CONVERSION = YES_AGGRESSIVE;
				CLANG_CXX_LANGUAGE_STANDARD = "gnu++20";
				CLANG_ENABLE_MODULES = YES;
				CLANG_ENABLE_OBJC_ARC = YES;
				CLANG_ENABLE_OBJC_WEAK = YES;
				CLANG_WARN_BLOCK_CAPTURE_AUTORELEASING = YES;
				CLANG_WARN_BOOL_CONVERSION = YES;
				CLANG_WARN_COMMA = YES;
				CLANG_WARN_CONSTANT_CONVERSION = YES;
				CLANG_WARN_DEPRECATED_OBJC_IMPLEMENTATIONS = YES;
				CLANG_WARN_DIRECT_OBJC_ISA_USAGE = YES_ERROR;
				CLANG_WARN_DOCUMENTATION_COMMENTS = YES;
				CLANG_WARN_EMPTY_BODY = YES;
				CLANG_WARN_ENUM_CONVERSION = YES;
				CLANG_WARN_INFINITE_RECURSION = YES;
				CLANG_WARN_INT_CONVERSION = YES;
				CLANG_WARN_NON_LITERAL_NULL_CONVERSION = YES;
				CLANG_WARN_OBJC_IMPLICIT_RETAIN_SELF = YES;
				CLANG_WARN_OBJC_LITERAL_CONVERSION = YES;
				CLANG_WARN_OBJC_ROOT_CLASS = YES_ERROR;
				CLANG_WARN_QUOTED_INCLUDE_IN_FRAMEWORK_HEADER = YES;
				CLANG_WARN_RANGE_LOOP_ANALYSIS = YES;
				CLANG_WARN_STRICT_PROTOTYPES = YES;
				CLANG_WARN_SUSPICIOUS_MOVE = YES;
				CLANG_WARN_UNGUARDED_AVAILABILITY = YES_AGGRESSIVE;
				CLANG_WARN_UNREACHABLE_CODE = YES;
				CLANG_WARN__DUPLICATE_METHOD_MATCH = YES;
				COPY_PHASE_STRIP = NO;
				DEBUG_INFORMATION_FORMAT = "dwarf-with-dsym";
				ENABLE_NS_ASSERTIONS = NO;
				ENABLE_STRICT_OBJC_MSGSEND = YES;
				GCC_C_LANGUAGE_STANDARD = gnu11;
				GCC_NO_COMMON_BLOCKS = YES;
				GCC_WARN_64_TO_32_BIT_CONVERSION = YES;
				GCC_WARN_ABOUT_RETURN_TYPE = YES_ERROR;
				GCC_WARN_UNDECLARED_SELECTOR = YES;
				GCC_WARN_UNINITIALIZED_AUTOS = YES_AGGRESSIVE;
				GCC_WARN_UNUSED_FUNCTION = YES;
				GCC_WARN_UNUSED_VARIABLE = YES;
				MACOSX_DEPLOYMENT_TARGET = 13.0;
				MTL_ENABLE_DEBUG_INFO = NO;
				MTL_FAST_MATH = YES;
				SDKROOT = macosx;
				SWIFT_COMPILATION_MODE = wholemodule;
				SWIFT_OPTIMIZATION_LEVEL = "-O";
			};
			name = Release;
		};
		F88C9B092939326500239E2C /* Debug */ = {
			isa = XCBuildConfiguration;
			buildSettings = {
				CODE_SIGN_STYLE = Automatic;
				DEVELOPMENT_TEAM = WA4586XRGF;
				ENABLE_HARDENED_RUNTIME = YES;
				PRODUCT_NAME = "$(TARGET_NAME)";
				SWIFT_VERSION = 5.0;
			};
			name = Debug;
		};
		F88C9B0A2939326500239E2C /* Release */ = {
			isa = XCBuildConfiguration;
			buildSettings = {
				CODE_SIGN_STYLE = Automatic;
				DEVELOPMENT_TEAM = WA4586XRGF;
				ENABLE_HARDENED_RUNTIME = YES;
				PRODUCT_NAME = "$(TARGET_NAME)";
				SWIFT_VERSION = 5.0;
			};
			name = Release;
		};
/* End XCBuildConfiguration section */

/* Begin XCConfigurationList section */
		F88C9AFC2939326500239E2C /* Build configuration list for PBXProject "Advent of Code 2022" */ = {
			isa = XCConfigurationList;
			buildConfigurations = (
				F88C9B062939326500239E2C /* Debug */,
				F88C9B072939326500239E2C /* Release */,
			);
			defaultConfigurationIsVisible = 0;
			defaultConfigurationName = Release;
		};
		F88C9B082939326500239E2C /* Build configuration list for PBXNativeTarget "Advent of Code 2022" */ = {
			isa = XCConfigurationList;
			buildConfigurations = (
				F88C9B092939326500239E2C /* Debug */,
				F88C9B0A2939326500239E2C /* Release */,
			);
			defaultConfigurationIsVisible = 0;
			defaultConfigurationName = Release;
		};
/* End XCConfigurationList section */

/* Begin XCRemoteSwiftPackageReference section */
		F8816726293935B5002535EC /* XCRemoteSwiftPackageReference "Subprocess" */ = {
			isa = XCRemoteSwiftPackageReference;
			repositoryURL = "git@github.com:jamf/Subprocess";
			requirement = {
				kind = upToNextMajorVersion;
				minimumVersion = 2.0.0;
			};
		};
/* End XCRemoteSwiftPackageReference section */

/* Begin XCSwiftPackageProductDependency section */
		F8816727293935B5002535EC /* Subprocess */ = {
			isa = XCSwiftPackageProductDependency;
			package = F8816726293935B5002535EC /* XCRemoteSwiftPackageReference "Subprocess" */;
			productName = Subprocess;
		};
		F8816729293935B5002535EC /* SubprocessMocks */ = {
			isa = XCSwiftPackageProductDependency;
			package = F8816726293935B5002535EC /* XCRemoteSwiftPackageReference "Subprocess" */;
			productName = SubprocessMocks;
		};
		F881672B293935B5002535EC /* libSubprocess */ = {
			isa = XCSwiftPackageProductDependency;
			package = F8816726293935B5002535EC /* XCRemoteSwiftPackageReference "Subprocess" */;
			productName = libSubprocess;
		};
		F881672D293935B5002535EC /* libSubprocessMocks */ = {
			isa = XCSwiftPackageProductDependency;
			package = F8816726293935B5002535EC /* XCRemoteSwiftPackageReference "Subprocess" */;
			productName = libSubprocessMocks;
		};
/* End XCSwiftPackageProductDependency section */
	};
	rootObject = F88C9AF92939326500239E2C /* Project object */;
}
